
Microsoft Visual Studio Solution File, Format Version 12.00
# Visual Studio Version 16
VisualStudioVersion = 16.0.32428.217
MinimumVisualStudioVersion = 10.0.40219.1
Project("{FAE04EC0-301F-11D3-BF4B-00C04F79EFBC}") = "TimesTableFunction", "TimesTableFunction\TimesTableFunction.csproj", "{6417C72B-1FF5-4618-810E-D2919E2BAA29}"
EndProject
Global
	GlobalSection(SolutionConfigurationPlatforms) = preSolution
		Debug|Any CPU = Debug|Any CPU
		Release|Any CPU = Release|Any CPU
	EndGlobalSection
	GlobalSection(ProjectConfigurationPlatforms) = postSolution
		{6417C72B-1FF5-4618-810E-D2919E2BAA29}.Debug|Any CPU.ActiveCfg = Debug|Any CPU
		{6417C72B-1FF5-4618-810E-D2919E2BAA29}.Debug|Any CPU.Build.0 = Debug|Any CPU
		{6417C72B-1FF5-4618-810E-D2919E2BAA29}.Release|Any CPU.ActiveCfg = Release|Any CPU
		{6417C72B-1FF5-4618-810E-D2919E2BAA29}.Release|Any CPU.Build.0 = Release|Any CPU
	EndGlobalSection
	GlobalSection(SolutionProperties) = preSolution
		HideSolutionNode = FALSE
	EndGlobalSection
	GlobalSection(ExtensibilityGlobals) = postSolution
		SolutionGuid = {924DC393-7CAB-4A0A-812B-062E2AAD203C}
	EndGlobalSection
EndGlobal
